
Microsoft Visual Studio Solution File, Format Version 12.00
# Visual Studio Version 17
VisualStudioVersion = 17.5.33424.131
MinimumVisualStudioVersion = 10.0.40219.1
Project("{FAE04EC0-301F-11D3-BF4B-00C04F79EFBC}") = "ConsoleApp11", "ConsoleApp11\ConsoleApp11.csproj", "{541B165E-CB09-45FA-B9A7-5BF83B8E503E}"
EndProject
Global
	GlobalSection(SolutionConfigurationPlatforms) = preSolution
		Debug|Any CPU = Debug|Any CPU
		Release|Any CPU = Release|Any CPU
	EndGlobalSection
	GlobalSection(ProjectConfigurationPlatforms) = postSolution
		{541B165E-CB09-45FA-B9A7-5BF83B8E503E}.Debug|Any CPU.ActiveCfg = Debug|Any CPU
		{541B165E-CB09-45FA-B9A7-5BF83B8E503E}.Debug|Any CPU.Build.0 = Debug|Any CPU
		{541B165E-CB09-45FA-B9A7-5BF83B8E503E}.Release|Any CPU.ActiveCfg = Release|Any CPU
		{541B165E-CB09-45FA-B9A7-5BF83B8E503E}.Release|Any CPU.Build.0 = Release|Any CPU
	EndGlobalSection
	GlobalSection(SolutionProperties) = preSolution
		HideSolutionNode = FALSE
	EndGlobalSection
	GlobalSection(ExtensibilityGlobals) = postSolution
		SolutionGuid = {8B31A8F5-5372-4216-A6D7-D9FFB3C587EE}
	EndGlobalSection
EndGlobal
